
Microsoft Visual Studio Solution File, Format Version 12.00
# Visual Studio 14
VisualStudioVersion = 14.0.25420.1
MinimumVisualStudioVersion = 10.0.40219.1
Project("{FAE04EC0-301F-11D3-BF4B-00C04F79EFBC}") = "delegates1", "delegates1\delegates1.csproj", "{DD5B2BFF-6E03-419F-A8D6-0D206816A8B1}"
EndProject
Global
	GlobalSection(SolutionConfigurationPlatforms) = preSolution
		Debug|Any CPU = Debug|Any CPU
		Release|Any CPU = Release|Any CPU
	EndGlobalSection
	GlobalSection(ProjectConfigurationPlatforms) = postSolution
		{DD5B2BFF-6E03-419F-A8D6-0D206816A8B1}.Debug|Any CPU.ActiveCfg = Debug|Any CPU
		{DD5B2BFF-6E03-419F-A8D6-0D206816A8B1}.Debug|Any CPU.Build.0 = Debug|Any CPU
		{DD5B2BFF-6E03-419F-A8D6-0D206816A8B1}.Release|Any CPU.ActiveCfg = Release|Any CPU
		{DD5B2BFF-6E03-419F-A8D6-0D206816A8B1}.Release|Any CPU.Build.0 = Release|Any CPU
	EndGlobalSection
	GlobalSection(SolutionProperties) = preSolution
		HideSolutionNode = FALSE
	EndGlobalSection
EndGlobal
