
Microsoft Visual Studio Solution File, Format Version 12.00
# Visual Studio 15
VisualStudioVersion = 15.0.27130.2024
MinimumVisualStudioVersion = 10.0.40219.1
Project("{FAE04EC0-301F-11D3-BF4B-00C04F79EFBC}") = "ConstructorDemo", "ConstructorDemo\ConstructorDemo.csproj", "{757C4332-2AA8-4742-8A40-0B4CFBDAAB37}"
EndProject
Global
	GlobalSection(SolutionConfigurationPlatforms) = preSolution
		Debug|Any CPU = Debug|Any CPU
		Release|Any CPU = Release|Any CPU
	EndGlobalSection
	GlobalSection(ProjectConfigurationPlatforms) = postSolution
		{757C4332-2AA8-4742-8A40-0B4CFBDAAB37}.Debug|Any CPU.ActiveCfg = Debug|Any CPU
		{757C4332-2AA8-4742-8A40-0B4CFBDAAB37}.Debug|Any CPU.Build.0 = Debug|Any CPU
		{757C4332-2AA8-4742-8A40-0B4CFBDAAB37}.Release|Any CPU.ActiveCfg = Release|Any CPU
		{757C4332-2AA8-4742-8A40-0B4CFBDAAB37}.Release|Any CPU.Build.0 = Release|Any CPU
	EndGlobalSection
	GlobalSection(SolutionProperties) = preSolution
		HideSolutionNode = FALSE
	EndGlobalSection
	GlobalSection(ExtensibilityGlobals) = postSolution
		SolutionGuid = {86F98B5F-8BAF-45BB-9D01-651EB907D80A}
	EndGlobalSection
EndGlobal
